// !$*UTF8*$!
{
	archiveVersion = 1;
	classes = {
	};
	objectVersion = 46;
	objects = {

/* Begin PBXBuildFile section */
		71A5A83A19632D3D00B40A5C /* Foundation.framework in Frameworks */ = {isa = PBXBuildFile; fileRef = 71A5A83919632D3D00B40A5C /* Foundation.framework */; };
		71A5A83C19632D3D00B40A5C /* CoreGraphics.framework in Frameworks */ = {isa = PBXBuildFile; fileRef = 71A5A83B19632D3D00B40A5C /* CoreGraphics.framework */; };
		71A5A83E19632D3D00B40A5C /* UIKit.framework in Frameworks */ = {isa = PBXBuildFile; fileRef = 71A5A83D19632D3D00B40A5C /* UIKit.framework */; };
		71A5A84419632D3D00B40A5C /* InfoPlist.strings in Resources */ = {isa = PBXBuildFile; fileRef = 71A5A84219632D3D00B40A5C /* InfoPlist.strings */; };
		71A5A84619632D3D00B40A5C /* main.m in Sources */ = {isa = PBXBuildFile; fileRef = 71A5A84519632D3D00B40A5C /* main.m */; };
		71A5A84A19632D3D00B40A5C /* WLAppDelegate.m in Sources */ = {isa = PBXBuildFile; fileRef = 71A5A84919632D3D00B40A5C /* WLAppDelegate.m */; };
		71A5A84D19632D3D00B40A5C /* Main.storyboard in Resources */ = {isa = PBXBuildFile; fileRef = 71A5A84B19632D3D00B40A5C /* Main.storyboard */; };
		71A5A85019632D3D00B40A5C /* WLMasterViewController.m in Sources */ = {isa = PBXBuildFile; fileRef = 71A5A84F19632D3D00B40A5C /* WLMasterViewController.m */; };
		71A5A85319632D3D00B40A5C /* WLDetailViewController.m in Sources */ = {isa = PBXBuildFile; fileRef = 71A5A85219632D3D00B40A5C /* WLDetailViewController.m */; };
		71A5A85519632D3D00B40A5C /* Images.xcassets in Resources */ = {isa = PBXBuildFile; fileRef = 71A5A85419632D3D00B40A5C /* Images.xcassets */; };
		71A5A85C19632D3D00B40A5C /* XCTest.framework in Frameworks */ = {isa = PBXBuildFile; fileRef = 71A5A85B19632D3D00B40A5C /* XCTest.framework */; };
		71A5A85D19632D3D00B40A5C /* Foundation.framework in Frameworks */ = {isa = PBXBuildFile; fileRef = 71A5A83919632D3D00B40A5C /* Foundation.framework */; };
		71A5A85E19632D3D00B40A5C /* UIKit.framework in Frameworks */ = {isa = PBXBuildFile; fileRef = 71A5A83D19632D3D00B40A5C /* UIKit.framework */; };
		71A5A86619632D3D00B40A5C /* InfoPlist.strings in Resources */ = {isa = PBXBuildFile; fileRef = 71A5A86419632D3D00B40A5C /* InfoPlist.strings */; };
		71A5A86819632D3D00B40A5C /* WebListTests.m in Sources */ = {isa = PBXBuildFile; fileRef = 71A5A86719632D3D00B40A5C /* WebListTests.m */; };
/* End PBXBuildFile section */

/* Begin PBXContainerItemProxy section */
		71A5A85F19632D3D00B40A5C /* PBXContainerItemProxy */ = {
			isa = PBXContainerItemProxy;
			containerPortal = 71A5A82E19632D3D00B40A5C /* Project object */;
			proxyType = 1;
			remoteGlobalIDString = 71A5A83519632D3D00B40A5C;
			remoteInfo = WebList;
		};
/* End PBXContainerItemProxy section */

/* Begin PBXFileReference section */
		71A5A83619632D3D00B40A5C /* WebList.app */ = {isa = PBXFileReference; explicitFileType = wrapper.application; includeInIndex = 0; path = WebList.app; sourceTree = BUILT_PRODUCTS_DIR; };
		71A5A83919632D3D00B40A5C /* Foundation.framework */ = {isa = PBXFileReference; lastKnownFileType = wrapper.framework; name = Foundation.framework; path = System/Library/Frameworks/Foundation.framework; sourceTree = SDKROOT; };
		71A5A83B19632D3D00B40A5C /* CoreGraphics.framework */ = {isa = PBXFileReference; lastKnownFileType = wrapper.framework; name = CoreGraphics.framework; path = System/Library/Frameworks/CoreGraphics.framework; sourceTree = SDKROOT; };
		71A5A83D19632D3D00B40A5C /* UIKit.framework */ = {isa = PBXFileReference; lastKnownFileType = wrapper.framework; name = UIKit.framework; path = System/Library/Frameworks/UIKit.framework; sourceTree = SDKROOT; };
		71A5A84119632D3D00B40A5C /* WebList-Info.plist */ = {isa = PBXFileReference; lastKnownFileType = text.plist.xml; path = "WebList-Info.plist"; sourceTree = "<group>"; };
		71A5A84319632D3D00B40A5C /* en */ = {isa = PBXFileReference; lastKnownFileType = text.plist.strings; name = en; path = en.lproj/InfoPlist.strings; sourceTree = "<group>"; };
		71A5A84519632D3D00B40A5C /* main.m */ = {isa = PBXFileReference; lastKnownFileType = sourcecode.c.objc; path = main.m; sourceTree = "<group>"; };
		71A5A84719632D3D00B40A5C /* WebList-Prefix.pch */ = {isa = PBXFileReference; lastKnownFileType = sourcecode.c.h; path = "WebList-Prefix.pch"; sourceTree = "<group>"; };
		71A5A84819632D3D00B40A5C /* WLAppDelegate.h */ = {isa = PBXFileReference; lastKnownFileType = sourcecode.c.h; path = WLAppDelegate.h; sourceTree = "<group>"; };
		71A5A84919632D3D00B40A5C /* WLAppDelegate.m */ = {isa = PBXFileReference; lastKnownFileType = sourcecode.c.objc; path = WLAppDelegate.m; sourceTree = "<group>"; };
		71A5A84C19632D3D00B40A5C /* Base */ = {isa = PBXFileReference; lastKnownFileType = file.storyboard; name = Base; path = Base.lproj/Main.storyboard; sourceTree = "<group>"; };
		71A5A84E19632D3D00B40A5C /* WLMasterViewController.h */ = {isa = PBXFileReference; lastKnownFileType = sourcecode.c.h; path = WLMasterViewController.h; sourceTree = "<group>"; };
		71A5A84F19632D3D00B40A5C /* WLMasterViewController.m */ = {isa = PBXFileReference; lastKnownFileType = sourcecode.c.objc; path = WLMasterViewController.m; sourceTree = "<group>"; };
		71A5A85119632D3D00B40A5C /* WLDetailViewController.h */ = {isa = PBXFileReference; lastKnownFileType = sourcecode.c.h; path = WLDetailViewController.h; sourceTree = "<group>"; };
		71A5A85219632D3D00B40A5C /* WLDetailViewController.m */ = {isa = PBXFileReference; lastKnownFileType = sourcecode.c.objc; path = WLDetailViewController.m; sourceTree = "<group>"; };
		71A5A85419632D3D00B40A5C /* Images.xcassets */ = {isa = PBXFileReference; lastKnownFileType = folder.assetcatalog; path = Images.xcassets; sourceTree = "<group>"; };
		71A5A85A19632D3D00B40A5C /* WebListTests.xctest */ = {isa = PBXFileReference; explicitFileType = wrapper.cfbundle; includeInIndex = 0; path = WebListTests.xctest; sourceTree = BUILT_PRODUCTS_DIR; };
		71A5A85B19632D3D00B40A5C /* XCTest.framework */ = {isa = PBXFileReference; lastKnownFileType = wrapper.framework; name = XCTest.framework; path = Library/Frameworks/XCTest.framework; sourceTree = DEVELOPER_DIR; };
		71A5A86319632D3D00B40A5C /* WebListTests-Info.plist */ = {isa = PBXFileReference; lastKnownFileType = text.plist.xml; path = "WebListTests-Info.plist"; sourceTree = "<group>"; };
		71A5A86519632D3D00B40A5C /* en */ = {isa = PBXFileReference; lastKnownFileType = text.plist.strings; name = en; path = en.lproj/InfoPlist.strings; sourceTree = "<group>"; };
		71A5A86719632D3D00B40A5C /* WebListTests.m */ = {isa = PBXFileReference; lastKnownFileType = sourcecode.c.objc; path = WebListTests.m; sourceTree = "<group>"; };
/* End PBXFileReference section */

/* Begin PBXFrameworksBuildPhase section */
		71A5A83319632D3D00B40A5C /* Frameworks */ = {
			isa = PBXFrameworksBuildPhase;
			buildActionMask = 2147483647;
			files = (
				71A5A83C19632D3D00B40A5C /* CoreGraphics.framework in Frameworks */,
				71A5A83E19632D3D00B40A5C /* UIKit.framework in Frameworks */,
				71A5A83A19632D3D00B40A5C /* Foundation.framework in Frameworks */,
			);
			runOnlyForDeploymentPostprocessing = 0;
		};
		71A5A85719632D3D00B40A5C /* Frameworks */ = {
			isa = PBXFrameworksBuildPhase;
			buildActionMask = 2147483647;
			files = (
				71A5A85C19632D3D00B40A5C /* XCTest.framework in Frameworks */,
				71A5A85E19632D3D00B40A5C /* UIKit.framework in Frameworks */,
				71A5A85D19632D3D00B40A5C /* Foundation.framework in Frameworks */,
			);
			runOnlyForDeploymentPostprocessing = 0;
		};
/* End PBXFrameworksBuildPhase section */

/* Begin PBXGroup section */
		71A5A82D19632D3D00B40A5C = {
			isa = PBXGroup;
			children = (
				71A5A83F19632D3D00B40A5C /* WebList */,
				71A5A86119632D3D00B40A5C /* WebListTests */,
				71A5A83819632D3D00B40A5C /* Frameworks */,
				71A5A83719632D3D00B40A5C /* Products */,
			);
			sourceTree = "<group>";
		};
		71A5A83719632D3D00B40A5C /* Products */ = {
			isa = PBXGroup;
			children = (
				71A5A83619632D3D00B40A5C /* WebList.app */,
				71A5A85A19632D3D00B40A5C /* WebListTests.xctest */,
			);
			name = Products;
			sourceTree = "<group>";
		};
		71A5A83819632D3D00B40A5C /* Frameworks */ = {
			isa = PBXGroup;
			children = (
				71A5A83919632D3D00B40A5C /* Foundation.framework */,
				71A5A83B19632D3D00B40A5C /* CoreGraphics.framework */,
				71A5A83D19632D3D00B40A5C /* UIKit.framework */,
				71A5A85B19632D3D00B40A5C /* XCTest.framework */,
			);
			name = Frameworks;
			sourceTree = "<group>";
		};
		71A5A83F19632D3D00B40A5C /* WebList */ = {
			isa = PBXGroup;
			children = (
				71A5A84819632D3D00B40A5C /* WLAppDelegate.h */,
				71A5A84919632D3D00B40A5C /* WLAppDelegate.m */,
				71A5A84B19632D3D00B40A5C /* Main.storyboard */,
				71A5A84E19632D3D00B40A5C /* WLMasterViewController.h */,
				71A5A84F19632D3D00B40A5C /* WLMasterViewController.m */,
				71A5A85119632D3D00B40A5C /* WLDetailViewController.h */,
				71A5A85219632D3D00B40A5C /* WLDetailViewController.m */,
				71A5A85419632D3D00B40A5C /* Images.xcassets */,
				71A5A84019632D3D00B40A5C /* Supporting Files */,
			);
			path = WebList;
			sourceTree = "<group>";
		};
		71A5A84019632D3D00B40A5C /* Supporting Files */ = {
			isa = PBXGroup;
			children = (
				71A5A84119632D3D00B40A5C /* WebList-Info.plist */,
				71A5A84219632D3D00B40A5C /* InfoPlist.strings */,
				71A5A84519632D3D00B40A5C /* main.m */,
				71A5A84719632D3D00B40A5C /* WebList-Prefix.pch */,
			);
			name = "Supporting Files";
			sourceTree = "<group>";
		};
		71A5A86119632D3D00B40A5C /* WebListTests */ = {
			isa = PBXGroup;
			children = (
				71A5A86719632D3D00B40A5C /* WebListTests.m */,
				71A5A86219632D3D00B40A5C /* Supporting Files */,
			);
			path = WebListTests;
			sourceTree = "<group>";
		};
		71A5A86219632D3D00B40A5C /* Supporting Files */ = {
			isa = PBXGroup;
			children = (
				71A5A86319632D3D00B40A5C /* WebListTests-Info.plist */,
				71A5A86419632D3D00B40A5C /* InfoPlist.strings */,
			);
			name = "Supporting Files";
			sourceTree = "<group>";
		};
/* End PBXGroup section */

/* Begin PBXNativeTarget section */
		71A5A83519632D3D00B40A5C /* WebList */ = {
			isa = PBXNativeTarget;
			buildConfigurationList = 71A5A86B19632D3D00B40A5C /* Build configuration list for PBXNativeTarget "WebList" */;
			buildPhases = (
				71A5A83219632D3D00B40A5C /* Sources */,
				71A5A83319632D3D00B40A5C /* Frameworks */,
				71A5A83419632D3D00B40A5C /* Resources */,
			);
			buildRules = (
			);
			dependencies = (
			);
			name = WebList;
			productName = WebList;
			productReference = 71A5A83619632D3D00B40A5C /* WebList.app */;
			productType = "com.apple.product-type.application";
		};
		71A5A85919632D3D00B40A5C /* WebListTests */ = {
			isa = PBXNativeTarget;
			buildConfigurationList = 71A5A86E19632D3D00B40A5C /* Build configuration list for PBXNativeTarget "WebListTests" */;
			buildPhases = (
				71A5A85619632D3D00B40A5C /* Sources */,
				71A5A85719632D3D00B40A5C /* Frameworks */,
				71A5A85819632D3D00B40A5C /* Resources */,
			);
			buildRules = (
			);
			dependencies = (
				71A5A86019632D3D00B40A5C /* PBXTargetDependency */,
			);
			name = WebListTests;
			productName = WebListTests;
			productReference = 71A5A85A19632D3D00B40A5C /* WebListTests.xctest */;
			productType = "com.apple.product-type.bundle.unit-test";
		};
/* End PBXNativeTarget section */

/* Begin PBXProject section */
		71A5A82E19632D3D00B40A5C /* Project object */ = {
			isa = PBXProject;
			attributes = {
				CLASSPREFIX = WL;
				LastUpgradeCheck = 0510;
				ORGANIZATIONNAME = DevMountain;
				TargetAttributes = {
					71A5A85919632D3D00B40A5C = {
						TestTargetID = 71A5A83519632D3D00B40A5C;
					};
				};
			};
			buildConfigurationList = 71A5A83119632D3D00B40A5C /* Build configuration list for PBXProject "WebList" */;
			compatibilityVersion = "Xcode 3.2";
			developmentRegion = English;
			hasScannedForEncodings = 0;
			knownRegions = (
				en,
				Base,
			);
			mainGroup = 71A5A82D19632D3D00B40A5C;
			productRefGroup = 71A5A83719632D3D00B40A5C /* Products */;
			projectDirPath = "";
			projectRoot = "";
			targets = (
				71A5A83519632D3D00B40A5C /* WebList */,
				71A5A85919632D3D00B40A5C /* WebListTests */,
			);
		};
/* End PBXProject section */

/* Begin PBXResourcesBuildPhase section */
		71A5A83419632D3D00B40A5C /* Resources */ = {
			isa = PBXResourcesBuildPhase;
			buildActionMask = 2147483647;
			files = (
				71A5A85519632D3D00B40A5C /* Images.xcassets in Resources */,
				71A5A84419632D3D00B40A5C /* InfoPlist.strings in Resources */,
				71A5A84D19632D3D00B40A5C /* Main.storyboard in Resources */,
			);
			runOnlyForDeploymentPostprocessing = 0;
		};
		71A5A85819632D3D00B40A5C /* Resources */ = {
			isa = PBXResourcesBuildPhase;
			buildActionMask = 2147483647;
			files = (
				71A5A86619632D3D00B40A5C /* InfoPlist.strings in Resources */,
			);
			runOnlyForDeploymentPostprocessing = 0;
		};
/* End PBXResourcesBuildPhase section */

/* Begin PBXSourcesBuildPhase section */
		71A5A83219632D3D00B40A5C /* Sources */ = {
			isa = PBXSourcesBuildPhase;
			buildActionMask = 2147483647;
			files = (
				71A5A85319632D3D00B40A5C /* WLDetailViewController.m in Sources */,
				71A5A84619632D3D00B40A5C /* main.m in Sources */,
				71A5A85019632D3D00B40A5C /* WLMasterViewController.m in Sources */,
				71A5A84A19632D3D00B40A5C /* WLAppDelegate.m in Sources */,
			);
			runOnlyForDeploymentPostprocessing = 0;
		};
		71A5A85619632D3D00B40A5C /* Sources */ = {
			isa = PBXSourcesBuildPhase;
			buildActionMask = 2147483647;
			files = (
				71A5A86819632D3D00B40A5C /* WebListTests.m in Sources */,
			);
			runOnlyForDeploymentPostprocessing = 0;
		};
/* End PBXSourcesBuildPhase section */

/* Begin PBXTargetDependency section */
		71A5A86019632D3D00B40A5C /* PBXTargetDependency */ = {
			isa = PBXTargetDependency;
			target = 71A5A83519632D3D00B40A5C /* WebList */;
			targetProxy = 71A5A85F19632D3D00B40A5C /* PBXContainerItemProxy */;
		};
/* End PBXTargetDependency section */

/* Begin PBXVariantGroup section */
		71A5A84219632D3D00B40A5C /* InfoPlist.strings */ = {
			isa = PBXVariantGroup;
			children = (
				71A5A84319632D3D00B40A5C /* en */,
			);
			name = InfoPlist.strings;
			sourceTree = "<group>";
		};
		71A5A84B19632D3D00B40A5C /* Main.storyboard */ = {
			isa = PBXVariantGroup;
			children = (
				71A5A84C19632D3D00B40A5C /* Base */,
			);
			name = Main.storyboard;
			sourceTree = "<group>";
		};
		71A5A86419632D3D00B40A5C /* InfoPlist.strings */ = {
			isa = PBXVariantGroup;
			children = (
				71A5A86519632D3D00B40A5C /* en */,
			);
			name = InfoPlist.strings;
			sourceTree = "<group>";
		};
/* End PBXVariantGroup section */

/* Begin XCBuildConfiguration section */
		71A5A86919632D3D00B40A5C /* Debug */ = {
			isa = XCBuildConfiguration;
			buildSettings = {
				ALWAYS_SEARCH_USER_PATHS = NO;
				CLANG_CXX_LANGUAGE_STANDARD = "gnu++0x";
				CLANG_CXX_LIBRARY = "libc++";
				CLANG_ENABLE_MODULES = YES;
				CLANG_ENABLE_OBJC_ARC = YES;
				CLANG_WARN_BOOL_CONVERSION = YES;
				CLANG_WARN_CONSTANT_CONVERSION = YES;
				CLANG_WARN_DIRECT_OBJC_ISA_USAGE = YES_ERROR;
				CLANG_WARN_EMPTY_BODY = YES;
				CLANG_WARN_ENUM_CONVERSION = YES;
				CLANG_WARN_INT_CONVERSION = YES;
				CLANG_WARN_OBJC_ROOT_CLASS = YES_ERROR;
				CLANG_WARN__DUPLICATE_METHOD_MATCH = YES;
				"CODE_SIGN_IDENTITY[sdk=iphoneos*]" = "iPhone Developer";
				COPY_PHASE_STRIP = NO;
				GCC_C_LANGUAGE_STANDARD = gnu99;
				GCC_DYNAMIC_NO_PIC = NO;
				GCC_OPTIMIZATION_LEVEL = 0;
				GCC_PREPROCESSOR_DEFINITIONS = (
					"DEBUG=1",
					"$(inherited)",
				);
				GCC_SYMBOLS_PRIVATE_EXTERN = NO;
				GCC_WARN_64_TO_32_BIT_CONVERSION = YES;
				GCC_WARN_ABOUT_RETURN_TYPE = YES_ERROR;
				GCC_WARN_UNDECLARED_SELECTOR = YES;
				GCC_WARN_UNINITIALIZED_AUTOS = YES_AGGRESSIVE;
				GCC_WARN_UNUSED_FUNCTION = YES;
				GCC_WARN_UNUSED_VARIABLE = YES;
				IPHONEOS_DEPLOYMENT_TARGET = 7.1;
				ONLY_ACTIVE_ARCH = YES;
				SDKROOT = iphoneos;
			};
			name = Debug;
		};
		71A5A86A19632D3D00B40A5C /* Release */ = {
			isa = XCBuildConfiguration;
			buildSettings = {
				ALWAYS_SEARCH_USER_PATHS = NO;
				CLANG_CXX_LANGUAGE_STANDARD = "gnu++0x";
				CLANG_CXX_LIBRARY = "libc++";
				CLANG_ENABLE_MODULES = YES;
				CLANG_ENABLE_OBJC_ARC = YES;
				CLANG_WARN_BOOL_CONVERSION = YES;
				CLANG_WARN_CONSTANT_CONVERSION = YES;
				CLANG_WARN_DIRECT_OBJC_ISA_USAGE = YES_ERROR;
				CLANG_WARN_EMPTY_BODY = YES;
				CLANG_WARN_ENUM_CONVERSION = YES;
				CLANG_WARN_INT_CONVERSION = YES;
				CLANG_WARN_OBJC_ROOT_CLASS = YES_ERROR;
				CLANG_WARN__DUPLICATE_METHOD_MATCH = YES;
				"CODE_SIGN_IDENTITY[sdk=iphoneos*]" = "iPhone Developer";
				COPY_PHASE_STRIP = YES;
				ENABLE_NS_ASSERTIONS = NO;
				GCC_C_LANGUAGE_STANDARD = gnu99;
				GCC_WARN_64_TO_32_BIT_CONVERSION = YES;
				GCC_WARN_ABOUT_RETURN_TYPE = YES_ERROR;
				GCC_WARN_UNDECLARED_SELECTOR = YES;
				GCC_WARN_UNINITIALIZED_AUTOS = YES_AGGRESSIVE;
				GCC_WARN_UNUSED_FUNCTION = YES;
				GCC_WARN_UNUSED_VARIABLE = YES;
				IPHONEOS_DEPLOYMENT_TARGET = 7.1;
				SDKROOT = iphoneos;
				VALIDATE_PRODUCT = YES;
			};
			name = Release;
		};
		71A5A86C19632D3D00B40A5C /* Debug */ = {
			isa = XCBuildConfiguration;
			buildSettings = {
				ASSETCATALOG_COMPILER_APPICON_NAME = AppIcon;
				ASSETCATALOG_COMPILER_LAUNCHIMAGE_NAME = LaunchImage;
				GCC_PRECOMPILE_PREFIX_HEADER = YES;
				GCC_PREFIX_HEADER = "WebList/WebList-Prefix.pch";
				INFOPLIST_FILE = "WebList/WebList-Info.plist";
				PRODUCT_NAME = "$(TARGET_NAME)";
				WRAPPER_EXTENSION = app;
			};
			name = Debug;
		};
		71A5A86D19632D3D00B40A5C /* Release */ = {
			isa = XCBuildConfiguration;
			buildSettings = {
				ASSETCATALOG_COMPILER_APPICON_NAME = AppIcon;
				ASSETCATALOG_COMPILER_LAUNCHIMAGE_NAME = LaunchImage;
				GCC_PRECOMPILE_PREFIX_HEADER = YES;
				GCC_PREFIX_HEADER = "WebList/WebList-Prefix.pch";
				INFOPLIST_FILE = "WebList/WebList-Info.plist";
				PRODUCT_NAME = "$(TARGET_NAME)";
				WRAPPER_EXTENSION = app;
			};
			name = Release;
		};
		71A5A86F19632D3D00B40A5C /* Debug */ = {
			isa = XCBuildConfiguration;
			buildSettings = {
				BUNDLE_LOADER = "$(BUILT_PRODUCTS_DIR)/WebList.app/WebList";
				FRAMEWORK_SEARCH_PATHS = (
					"$(SDKROOT)/Developer/Library/Frameworks",
					"$(inherited)",
					"$(DEVELOPER_FRAMEWORKS_DIR)",
				);
				GCC_PRECOMPILE_PREFIX_HEADER = YES;
				GCC_PREFIX_HEADER = "WebList/WebList-Prefix.pch";
				GCC_PREPROCESSOR_DEFINITIONS = (
					"DEBUG=1",
					"$(inherited)",
				);
				INFOPLIST_FILE = "WebListTests/WebListTests-Info.plist";
				PRODUCT_NAME = "$(TARGET_NAME)";
				TEST_HOST = "$(BUNDLE_LOADER)";
				WRAPPER_EXTENSION = xctest;
			};
			name = Debug;
		};
		71A5A87019632D3D00B40A5C /* Release */ = {
			isa = XCBuildConfiguration;
			buildSettings = {
				BUNDLE_LOADER = "$(BUILT_PRODUCTS_DIR)/WebList.app/WebList";
				FRAMEWORK_SEARCH_PATHS = (
					"$(SDKROOT)/Developer/Library/Frameworks",
					"$(inherited)",
					"$(DEVELOPER_FRAMEWORKS_DIR)",
				);
				GCC_PRECOMPILE_PREFIX_HEADER = YES;
				GCC_PREFIX_HEADER = "WebList/WebList-Prefix.pch";
				INFOPLIST_FILE = "WebListTests/WebListTests-Info.plist";
				PRODUCT_NAME = "$(TARGET_NAME)";
				TEST_HOST = "$(BUNDLE_LOADER)";
				WRAPPER_EXTENSION = xctest;
			};
			name = Release;
		};
/* End XCBuildConfiguration section */

/* Begin XCConfigurationList section */
		71A5A83119632D3D00B40A5C /* Build configuration list for PBXProject "WebList" */ = {
			isa = XCConfigurationList;
			buildConfigurations = (
				71A5A86919632D3D00B40A5C /* Debug */,
				71A5A86A19632D3D00B40A5C /* Release */,
			);
			defaultConfigurationIsVisible = 0;
			defaultConfigurationName = Release;
		};
		71A5A86B19632D3D00B40A5C /* Build configuration list for PBXNativeTarget "WebList" */ = {
			isa = XCConfigurationList;
			buildConfigurations = (
				71A5A86C19632D3D00B40A5C /* Debug */,
				71A5A86D19632D3D00B40A5C /* Release */,
			);
			defaultConfigurationIsVisible = 0;
		};
		71A5A86E19632D3D00B40A5C /* Build configuration list for PBXNativeTarget "WebListTests" */ = {
			isa = XCConfigurationList;
			buildConfigurations = (
				71A5A86F19632D3D00B40A5C /* Debug */,
				71A5A87019632D3D00B40A5C /* Release */,
			);
			defaultConfigurationIsVisible = 0;
		};
/* End XCConfigurationList section */
	};
	rootObject = 71A5A82E19632D3D00B40A5C /* Project object */;
}
